
Microsoft Visual Studio Solution File, Format Version 12.00
# Visual Studio Version 17
VisualStudioVersion = 17.2.32226.49
MinimumVisualStudioVersion = 10.0.40219.1
Project("{9A19103F-16F7-4668-BE54-9A1E7A4F7556}") = "SimpleCalculator", "SimpleCalculator\SimpleCalculator.csproj", "{1D9698AF-226D-49FC-B855-D857E14C44B6}"
EndProject
Global
	GlobalSection(SolutionConfigurationPlatforms) = preSolution
		Default|Any CPU = Default|Any CPU
	EndGlobalSection
	GlobalSection(ProjectConfigurationPlatforms) = postSolution
		{1D9698AF-226D-49FC-B855-D857E14C44B6}.Default|Any CPU.ActiveCfg = Debug|Any CPU
		{1D9698AF-226D-49FC-B855-D857E14C44B6}.Default|Any CPU.Build.0 = Debug|Any CPU
		{1D9698AF-226D-49FC-B855-D857E14C44B6}.Default|Any CPU.Deploy.0 = Debug|Any CPU
	EndGlobalSection
	GlobalSection(SolutionProperties) = preSolution
		HideSolutionNode = FALSE
	EndGlobalSection
	GlobalSection(ExtensibilityGlobals) = postSolution
		SolutionGuid = {0EB52A0A-4650-47F9-AC0A-09D3474FD6B5}
	EndGlobalSection
EndGlobal
